// !$*UTF8*$!
{
	archiveVersion = 1;
	classes = {
	};
	objectVersion = 50;
	objects = {

/* Begin PBXBuildFile section */
		33908065219BB1D800AAA282 /* AppDelegate.swift in Sources */ = {isa = PBXBuildFile; fileRef = 33908064219BB1D800AAA282 /* AppDelegate.swift */; };
		33908067219BB1D800AAA282 /* ViewController.swift in Sources */ = {isa = PBXBuildFile; fileRef = 33908066219BB1D800AAA282 /* ViewController.swift */; };
		3390806A219BB1D800AAA282 /* Main.storyboard in Resources */ = {isa = PBXBuildFile; fileRef = 33908068219BB1D800AAA282 /* Main.storyboard */; };
		3390806C219BB1D900AAA282 /* Assets.xcassets in Resources */ = {isa = PBXBuildFile; fileRef = 3390806B219BB1D900AAA282 /* Assets.xcassets */; };
		3390806F219BB1D900AAA282 /* LaunchScreen.storyboard in Resources */ = {isa = PBXBuildFile; fileRef = 3390806D219BB1D900AAA282 /* LaunchScreen.storyboard */; };
		3390807A219BB1D900AAA282 /* PlaygroundTests.swift in Sources */ = {isa = PBXBuildFile; fileRef = 33908079219BB1D900AAA282 /* PlaygroundTests.swift */; };
		33908085219BB1D900AAA282 /* PlaygroundUITests.swift in Sources */ = {isa = PBXBuildFile; fileRef = 33908084219BB1D900AAA282 /* PlaygroundUITests.swift */; };
		33908093219BB54600AAA282 /* MyPlayground.swift in Sources */ = {isa = PBXBuildFile; fileRef = 33908092219BB54600AAA282 /* MyPlayground.swift */; };
/* End PBXBuildFile section */

/* Begin PBXContainerItemProxy section */
		33908076219BB1D900AAA282 /* PBXContainerItemProxy */ = {
			isa = PBXContainerItemProxy;
			containerPortal = 33908059219BB1D800AAA282 /* Project object */;
			proxyType = 1;
			remoteGlobalIDString = 33908060219BB1D800AAA282;
			remoteInfo = Playground;
		};
		33908081219BB1D900AAA282 /* PBXContainerItemProxy */ = {
			isa = PBXContainerItemProxy;
			containerPortal = 33908059219BB1D800AAA282 /* Project object */;
			proxyType = 1;
			remoteGlobalIDString = 33908060219BB1D800AAA282;
			remoteInfo = Playground;
		};
/* End PBXContainerItemProxy section */

/* Begin PBXFileReference section */
		33908061219BB1D800AAA282 /* Playground.app */ = {isa = PBXFileReference; explicitFileType = wrapper.application; includeInIndex = 0; path = Playground.app; sourceTree = BUILT_PRODUCTS_DIR; };
		33908064219BB1D800AAA282 /* AppDelegate.swift */ = {isa = PBXFileReference; lastKnownFileType = sourcecode.swift; path = AppDelegate.swift; sourceTree = "<group>"; };
		33908066219BB1D800AAA282 /* ViewController.swift */ = {isa = PBXFileReference; lastKnownFileType = sourcecode.swift; path = ViewController.swift; sourceTree = "<group>"; };
		33908069219BB1D800AAA282 /* Base */ = {isa = PBXFileReference; lastKnownFileType = file.storyboard; name = Base; path = Base.lproj/Main.storyboard; sourceTree = "<group>"; };
		3390806B219BB1D900AAA282 /* Assets.xcassets */ = {isa = PBXFileReference; lastKnownFileType = folder.assetcatalog; path = Assets.xcassets; sourceTree = "<group>"; };
		3390806E219BB1D900AAA282 /* Base */ = {isa = PBXFileReference; lastKnownFileType = file.storyboard; name = Base; path = Base.lproj/LaunchScreen.storyboard; sourceTree = "<group>"; };
		33908070219BB1D900AAA282 /* Info.plist */ = {isa = PBXFileReference; lastKnownFileType = text.plist.xml; path = Info.plist; sourceTree = "<group>"; };
		33908075219BB1D900AAA282 /* PlaygroundTests.xctest */ = {isa = PBXFileReference; explicitFileType = wrapper.cfbundle; includeInIndex = 0; path = PlaygroundTests.xctest; sourceTree = BUILT_PRODUCTS_DIR; };
		33908079219BB1D900AAA282 /* PlaygroundTests.swift */ = {isa = PBXFileReference; lastKnownFileType = sourcecode.swift; path = PlaygroundTests.swift; sourceTree = "<group>"; };
		3390807B219BB1D900AAA282 /* Info.plist */ = {isa = PBXFileReference; lastKnownFileType = text.plist.xml; path = Info.plist; sourceTree = "<group>"; };
		33908080219BB1D900AAA282 /* PlaygroundUITests.xctest */ = {isa = PBXFileReference; explicitFileType = wrapper.cfbundle; includeInIndex = 0; path = PlaygroundUITests.xctest; sourceTree = BUILT_PRODUCTS_DIR; };
		33908084219BB1D900AAA282 /* PlaygroundUITests.swift */ = {isa = PBXFileReference; lastKnownFileType = sourcecode.swift; path = PlaygroundUITests.swift; sourceTree = "<group>"; };
		33908086219BB1D900AAA282 /* Info.plist */ = {isa = PBXFileReference; lastKnownFileType = text.plist.xml; path = Info.plist; sourceTree = "<group>"; };
		33908092219BB54600AAA282 /* MyPlayground.swift */ = {isa = PBXFileReference; lastKnownFileType = sourcecode.swift; path = MyPlayground.swift; sourceTree = "<group>"; };
/* End PBXFileReference section */

/* Begin PBXFrameworksBuildPhase section */
		3390805E219BB1D800AAA282 /* Frameworks */ = {
			isa = PBXFrameworksBuildPhase;
			buildActionMask = 2147483647;
			files = (
			);
			runOnlyForDeploymentPostprocessing = 0;
		};
		33908072219BB1D900AAA282 /* Frameworks */ = {
			isa = PBXFrameworksBuildPhase;
			buildActionMask = 2147483647;
			files = (
			);
			runOnlyForDeploymentPostprocessing = 0;
		};
		3390807D219BB1D900AAA282 /* Frameworks */ = {
			isa = PBXFrameworksBuildPhase;
			buildActionMask = 2147483647;
			files = (
			);
			runOnlyForDeploymentPostprocessing = 0;
		};
/* End PBXFrameworksBuildPhase section */

/* Begin PBXGroup section */
		33908058219BB1D800AAA282 = {
			isa = PBXGroup;
			children = (
				33908063219BB1D800AAA282 /* Playground */,
				33908078219BB1D900AAA282 /* PlaygroundTests */,
				33908083219BB1D900AAA282 /* PlaygroundUITests */,
				33908062219BB1D800AAA282 /* Products */,
			);
			sourceTree = "<group>";
		};
		33908062219BB1D800AAA282 /* Products */ = {
			isa = PBXGroup;
			children = (
				33908061219BB1D800AAA282 /* Playground.app */,
				33908075219BB1D900AAA282 /* PlaygroundTests.xctest */,
				33908080219BB1D900AAA282 /* PlaygroundUITests.xctest */,
			);
			name = Products;
			sourceTree = "<group>";
		};
		33908063219BB1D800AAA282 /* Playground */ = {
			isa = PBXGroup;
			children = (
				33908064219BB1D800AAA282 /* AppDelegate.swift */,
				33908066219BB1D800AAA282 /* ViewController.swift */,
				33908092219BB54600AAA282 /* MyPlayground.swift */,
				33908068219BB1D800AAA282 /* Main.storyboard */,
				3390806B219BB1D900AAA282 /* Assets.xcassets */,
				3390806D219BB1D900AAA282 /* LaunchScreen.storyboard */,
				33908070219BB1D900AAA282 /* Info.plist */,
			);
			path = Playground;
			sourceTree = "<group>";
		};
		33908078219BB1D900AAA282 /* PlaygroundTests */ = {
			isa = PBXGroup;
			children = (
				33908079219BB1D900AAA282 /* PlaygroundTests.swift */,
				3390807B219BB1D900AAA282 /* Info.plist */,
			);
			path = PlaygroundTests;
			sourceTree = "<group>";
		};
		33908083219BB1D900AAA282 /* PlaygroundUITests */ = {
			isa = PBXGroup;
			children = (
				33908084219BB1D900AAA282 /* PlaygroundUITests.swift */,
				33908086219BB1D900AAA282 /* Info.plist */,
			);
			path = PlaygroundUITests;
			sourceTree = "<group>";
		};
/* End PBXGroup section */

/* Begin PBXNativeTarget section */
		33908060219BB1D800AAA282 /* Playground */ = {
			isa = PBXNativeTarget;
			buildConfigurationList = 33908089219BB1D900AAA282 /* Build configuration list for PBXNativeTarget "Playground" */;
			buildPhases = (
				3390805D219BB1D800AAA282 /* Sources */,
				3390805E219BB1D800AAA282 /* Frameworks */,
				3390805F219BB1D800AAA282 /* Resources */,
			);
			buildRules = (
			);
			dependencies = (
			);
			name = Playground;
			productName = Playground;
			productReference = 33908061219BB1D800AAA282 /* Playground.app */;
			productType = "com.apple.product-type.application";
		};
		33908074219BB1D900AAA282 /* PlaygroundTests */ = {
			isa = PBXNativeTarget;
			buildConfigurationList = 3390808C219BB1D900AAA282 /* Build configuration list for PBXNativeTarget "PlaygroundTests" */;
			buildPhases = (
				33908071219BB1D900AAA282 /* Sources */,
				33908072219BB1D900AAA282 /* Frameworks */,
				33908073219BB1D900AAA282 /* Resources */,
			);
			buildRules = (
			);
			dependencies = (
				33908077219BB1D900AAA282 /* PBXTargetDependency */,
			);
			name = PlaygroundTests;
			productName = PlaygroundTests;
			productReference = 33908075219BB1D900AAA282 /* PlaygroundTests.xctest */;
			productType = "com.apple.product-type.bundle.unit-test";
		};
		3390807F219BB1D900AAA282 /* PlaygroundUITests */ = {
			isa = PBXNativeTarget;
			buildConfigurationList = 3390808F219BB1D900AAA282 /* Build configuration list for PBXNativeTarget "PlaygroundUITests" */;
			buildPhases = (
				3390807C219BB1D900AAA282 /* Sources */,
				3390807D219BB1D900AAA282 /* Frameworks */,
				3390807E219BB1D900AAA282 /* Resources */,
			);
			buildRules = (
			);
			dependencies = (
				33908082219BB1D900AAA282 /* PBXTargetDependency */,
			);
			name = PlaygroundUITests;
			productName = PlaygroundUITests;
			productReference = 33908080219BB1D900AAA282 /* PlaygroundUITests.xctest */;
			productType = "com.apple.product-type.bundle.ui-testing";
		};
/* End PBXNativeTarget section */

/* Begin PBXProject section */
		33908059219BB1D800AAA282 /* Project object */ = {
			isa = PBXProject;
			attributes = {
				LastSwiftUpdateCheck = 0940;
				LastUpgradeCheck = 0940;
				ORGANIZATIONNAME = Poggers;
				TargetAttributes = {
					33908060219BB1D800AAA282 = {
						CreatedOnToolsVersion = 9.4.1;
					};
					33908074219BB1D900AAA282 = {
						CreatedOnToolsVersion = 9.4.1;
						TestTargetID = 33908060219BB1D800AAA282;
					};
					3390807F219BB1D900AAA282 = {
						CreatedOnToolsVersion = 9.4.1;
						TestTargetID = 33908060219BB1D800AAA282;
					};
				};
			};
			buildConfigurationList = 3390805C219BB1D800AAA282 /* Build configuration list for PBXProject "Playground" */;
			compatibilityVersion = "Xcode 9.3";
			developmentRegion = en;
			hasScannedForEncodings = 0;
			knownRegions = (
				en,
				Base,
			);
			mainGroup = 33908058219BB1D800AAA282;
			productRefGroup = 33908062219BB1D800AAA282 /* Products */;
			projectDirPath = "";
			projectRoot = "";
			targets = (
				33908060219BB1D800AAA282 /* Playground */,
				33908074219BB1D900AAA282 /* PlaygroundTests */,
				3390807F219BB1D900AAA282 /* PlaygroundUITests */,
			);
		};
/* End PBXProject section */

/* Begin PBXResourcesBuildPhase section */
		3390805F219BB1D800AAA282 /* Resources */ = {
			isa = PBXResourcesBuildPhase;
			buildActionMask = 2147483647;
			files = (
				3390806F219BB1D900AAA282 /* LaunchScreen.storyboard in Resources */,
				3390806C219BB1D900AAA282 /* Assets.xcassets in Resources */,
				3390806A219BB1D800AAA282 /* Main.storyboard in Resources */,
			);
			runOnlyForDeploymentPostprocessing = 0;
		};
		33908073219BB1D900AAA282 /* Resources */ = {
			isa = PBXResourcesBuildPhase;
			buildActionMask = 2147483647;
			files = (
			);
			runOnlyForDeploymentPostprocessing = 0;
		};
		3390807E219BB1D900AAA282 /* Resources */ = {
			isa = PBXResourcesBuildPhase;
			buildActionMask = 2147483647;
			files = (
			);
			runOnlyForDeploymentPostprocessing = 0;
		};
/* End PBXResourcesBuildPhase section */

/* Begin PBXSourcesBuildPhase section */
		3390805D219BB1D800AAA282 /* Sources */ = {
			isa = PBXSourcesBuildPhase;
			buildActionMask = 2147483647;
			files = (
				33908093219BB54600AAA282 /* MyPlayground.swift in Sources */,
				33908067219BB1D800AAA282 /* ViewController.swift in Sources */,
				33908065219BB1D800AAA282 /* AppDelegate.swift in Sources */,
			);
			runOnlyForDeploymentPostprocessing = 0;
		};
		33908071219BB1D900AAA282 /* Sources */ = {
			isa = PBXSourcesBuildPhase;
			buildActionMask = 2147483647;
			files = (
				3390807A219BB1D900AAA282 /* PlaygroundTests.swift in Sources */,
			);
			runOnlyForDeploymentPostprocessing = 0;
		};
		3390807C219BB1D900AAA282 /* Sources */ = {
			isa = PBXSourcesBuildPhase;
			buildActionMask = 2147483647;
			files = (
				33908085219BB1D900AAA282 /* PlaygroundUITests.swift in Sources */,
			);
			runOnlyForDeploymentPostprocessing = 0;
		};
/* End PBXSourcesBuildPhase section */

/* Begin PBXTargetDependency section */
		33908077219BB1D900AAA282 /* PBXTargetDependency */ = {
			isa = PBXTargetDependency;
			target = 33908060219BB1D800AAA282 /* Playground */;
			targetProxy = 33908076219BB1D900AAA282 /* PBXContainerItemProxy */;
		};
		33908082219BB1D900AAA282 /* PBXTargetDependency */ = {
			isa = PBXTargetDependency;
			target = 33908060219BB1D800AAA282 /* Playground */;
			targetProxy = 33908081219BB1D900AAA282 /* PBXContainerItemProxy */;
		};
/* End PBXTargetDependency section */

/* Begin PBXVariantGroup section */
		33908068219BB1D800AAA282 /* Main.storyboard */ = {
			isa = PBXVariantGroup;
			children = (
				33908069219BB1D800AAA282 /* Base */,
			);
			name = Main.storyboard;
			sourceTree = "<group>";
		};
		3390806D219BB1D900AAA282 /* LaunchScreen.storyboard */ = {
			isa = PBXVariantGroup;
			children = (
				3390806E219BB1D900AAA282 /* Base */,
			);
			name = LaunchScreen.storyboard;
			sourceTree = "<group>";
		};
/* End PBXVariantGroup section */

/* Begin XCBuildConfiguration section */
		33908087219BB1D900AAA282 /* Debug */ = {
			isa = XCBuildConfiguration;
			buildSettings = {
				ALWAYS_SEARCH_USER_PATHS = NO;
				CLANG_ANALYZER_NONNULL = YES;
				CLANG_ANALYZER_NUMBER_OBJECT_CONVERSION = YES_AGGRESSIVE;
				CLANG_CXX_LANGUAGE_STANDARD = "gnu++14";
				CLANG_CXX_LIBRARY = "libc++";
				CLANG_ENABLE_MODULES = YES;
				CLANG_ENABLE_OBJC_ARC = YES;
				CLANG_ENABLE_OBJC_WEAK = YES;
				CLANG_WARN_BLOCK_CAPTURE_AUTORELEASING = YES;
				CLANG_WARN_BOOL_CONVERSION = YES;
				CLANG_WARN_COMMA = YES;
				CLANG_WARN_CONSTANT_CONVERSION = YES;
				CLANG_WARN_DEPRECATED_OBJC_IMPLEMENTATIONS = YES;
				CLANG_WARN_DIRECT_OBJC_ISA_USAGE = YES_ERROR;
				CLANG_WARN_DOCUMENTATION_COMMENTS = YES;
				CLANG_WARN_EMPTY_BODY = YES;
				CLANG_WARN_ENUM_CONVERSION = YES;
				CLANG_WARN_INFINITE_RECURSION = YES;
				CLANG_WARN_INT_CONVERSION = YES;
				CLANG_WARN_NON_LITERAL_NULL_CONVERSION = YES;
				CLANG_WARN_OBJC_IMPLICIT_RETAIN_SELF = YES;
				CLANG_WARN_OBJC_LITERAL_CONVERSION = YES;
				CLANG_WARN_OBJC_ROOT_CLASS = YES_ERROR;
				CLANG_WARN_RANGE_LOOP_ANALYSIS = YES;
				CLANG_WARN_STRICT_PROTOTYPES = YES;
				CLANG_WARN_SUSPICIOUS_MOVE = YES;
				CLANG_WARN_UNGUARDED_AVAILABILITY = YES_AGGRESSIVE;
				CLANG_WARN_UNREACHABLE_CODE = YES;
				CLANG_WARN__DUPLICATE_METHOD_MATCH = YES;
				CODE_SIGN_IDENTITY = "iPhone Developer";
				COPY_PHASE_STRIP = NO;
				DEBUG_INFORMATION_FORMAT = dwarf;
				ENABLE_STRICT_OBJC_MSGSEND = YES;
				ENABLE_TESTABILITY = YES;
				GCC_C_LANGUAGE_STANDARD = gnu11;
				GCC_DYNAMIC_NO_PIC = NO;
				GCC_NO_COMMON_BLOCKS = YES;
				GCC_OPTIMIZATION_LEVEL = 0;
				GCC_PREPROCESSOR_DEFINITIONS = (
					"DEBUG=1",
					"$(inherited)",
				);
				GCC_WARN_64_TO_32_BIT_CONVERSION = YES;
				GCC_WARN_ABOUT_RETURN_TYPE = YES_ERROR;
				GCC_WARN_UNDECLARED_SELECTOR = YES;
				GCC_WARN_UNINITIALIZED_AUTOS = YES_AGGRESSIVE;
				GCC_WARN_UNUSED_FUNCTION = YES;
				GCC_WARN_UNUSED_VARIABLE = YES;
				IPHONEOS_DEPLOYMENT_TARGET = 11.4;
				MTL_ENABLE_DEBUG_INFO = YES;
				ONLY_ACTIVE_ARCH = YES;
				SDKROOT = iphoneos;
				SWIFT_ACTIVE_COMPILATION_CONDITIONS = DEBUG;
				SWIFT_OPTIMIZATION_LEVEL = "-Onone";
			};
			name = Debug;
		};
		33908088219BB1D900AAA282 /* Release */ = {
			isa = XCBuildConfiguration;
			buildSettings = {
				ALWAYS_SEARCH_USER_PATHS = NO;
				CLANG_ANALYZER_NONNULL = YES;
				CLANG_ANALYZER_NUMBER_OBJECT_CONVERSION = YES_AGGRESSIVE;
				CLANG_CXX_LANGUAGE_STANDARD = "gnu++14";
				CLANG_CXX_LIBRARY = "libc++";
				CLANG_ENABLE_MODULES = YES;
				CLANG_ENABLE_OBJC_ARC = YES;
				CLANG_ENABLE_OBJC_WEAK = YES;
				CLANG_WARN_BLOCK_CAPTURE_AUTORELEASING = YES;
				CLANG_WARN_BOOL_CONVERSION = YES;
				CLANG_WARN_COMMA = YES;
				CLANG_WARN_CONSTANT_CONVERSION = YES;
				CLANG_WARN_DEPRECATED_OBJC_IMPLEMENTATIONS = YES;
				CLANG_WARN_DIRECT_OBJC_ISA_USAGE = YES_ERROR;
				CLANG_WARN_DOCUMENTATION_COMMENTS = YES;
				CLANG_WARN_EMPTY_BODY = YES;
				CLANG_WARN_ENUM_CONVERSION = YES;
				CLANG_WARN_INFINITE_RECURSION = YES;
				CLANG_WARN_INT_CONVERSION = YES;
				CLANG_WARN_NON_LITERAL_NULL_CONVERSION = YES;
				CLANG_WARN_OBJC_IMPLICIT_RETAIN_SELF = YES;
				CLANG_WARN_OBJC_LITERAL_CONVERSION = YES;
				CLANG_WARN_OBJC_ROOT_CLASS = YES_ERROR;
				CLANG_WARN_RANGE_LOOP_ANALYSIS = YES;
				CLANG_WARN_STRICT_PROTOTYPES = YES;
				CLANG_WARN_SUSPICIOUS_MOVE = YES;
				CLANG_WARN_UNGUARDED_AVAILABILITY = YES_AGGRESSIVE;
				CLANG_WARN_UNREACHABLE_CODE = YES;
				CLANG_WARN__DUPLICATE_METHOD_MATCH = YES;
				CODE_SIGN_IDENTITY = "iPhone Developer";
				COPY_PHASE_STRIP = NO;
				DEBUG_INFORMATION_FORMAT = "dwarf-with-dsym";
				ENABLE_NS_ASSERTIONS = NO;
				ENABLE_STRICT_OBJC_MSGSEND = YES;
				GCC_C_LANGUAGE_STANDARD = gnu11;
				GCC_NO_COMMON_BLOCKS = YES;
				GCC_WARN_64_TO_32_BIT_CONVERSION = YES;
				GCC_WARN_ABOUT_RETURN_TYPE = YES_ERROR;
				GCC_WARN_UNDECLARED_SELECTOR = YES;
				GCC_WARN_UNINITIALIZED_AUTOS = YES_AGGRESSIVE;
				GCC_WARN_UNUSED_FUNCTION = YES;
				GCC_WARN_UNUSED_VARIABLE = YES;
				IPHONEOS_DEPLOYMENT_TARGET = 11.4;
				MTL_ENABLE_DEBUG_INFO = NO;
				SDKROOT = iphoneos;
				SWIFT_COMPILATION_MODE = wholemodule;
				SWIFT_OPTIMIZATION_LEVEL = "-O";
				VALIDATE_PRODUCT = YES;
			};
			name = Release;
		};
		3390808A219BB1D900AAA282 /* Debug */ = {
			isa = XCBuildConfiguration;
			buildSettings = {
				ASSETCATALOG_COMPILER_APPICON_NAME = AppIcon;
				CODE_SIGN_STYLE = Automatic;
				INFOPLIST_FILE = Playground/Info.plist;
				LD_RUNPATH_SEARCH_PATHS = (
					"$(inherited)",
					"@executable_path/Frameworks",
				);
				PRODUCT_BUNDLE_IDENTIFIER = poggers.quiropratico.Playground;
				PRODUCT_NAME = "$(TARGET_NAME)";
				SWIFT_VERSION = 4.0;
				TARGETED_DEVICE_FAMILY = "1,2";
			};
			name = Debug;
		};
		3390808B219BB1D900AAA282 /* Release */ = {
			isa = XCBuildConfiguration;
			buildSettings = {
				ASSETCATALOG_COMPILER_APPICON_NAME = AppIcon;
				CODE_SIGN_STYLE = Automatic;
				INFOPLIST_FILE = Playground/Info.plist;
				LD_RUNPATH_SEARCH_PATHS = (
					"$(inherited)",
					"@executable_path/Frameworks",
				);
				PRODUCT_BUNDLE_IDENTIFIER = poggers.quiropratico.Playground;
				PRODUCT_NAME = "$(TARGET_NAME)";
				SWIFT_VERSION = 4.0;
				TARGETED_DEVICE_FAMILY = "1,2";
			};
			name = Release;
		};
		3390808D219BB1D900AAA282 /* Debug */ = {
			isa = XCBuildConfiguration;
			buildSettings = {
				ALWAYS_EMBED_SWIFT_STANDARD_LIBRARIES = YES;
				BUNDLE_LOADER = "$(TEST_HOST)";
				CODE_SIGN_STYLE = Automatic;
				INFOPLIST_FILE = PlaygroundTests/Info.plist;
				LD_RUNPATH_SEARCH_PATHS = (
					"$(inherited)",
					"@executable_path/Frameworks",
					"@loader_path/Frameworks",
				);
				PRODUCT_BUNDLE_IDENTIFIER = poggers.quiropratico.PlaygroundTests;
				PRODUCT_NAME = "$(TARGET_NAME)";
				SWIFT_VERSION = 4.0;
				TARGETED_DEVICE_FAMILY = "1,2";
				TEST_HOST = "$(BUILT_PRODUCTS_DIR)/Playground.app/Playground";
			};
			name = Debug;
		};
		3390808E219BB1D900AAA282 /* Release */ = {
			isa = XCBuildConfiguration;
			buildSettings = {
				ALWAYS_EMBED_SWIFT_STANDARD_LIBRARIES = YES;
				BUNDLE_LOADER = "$(TEST_HOST)";
				CODE_SIGN_STYLE = Automatic;
				INFOPLIST_FILE = PlaygroundTests/Info.plist;
				LD_RUNPATH_SEARCH_PATHS = (
					"$(inherited)",
					"@executable_path/Frameworks",
					"@loader_path/Frameworks",
				);
				PRODUCT_BUNDLE_IDENTIFIER = poggers.quiropratico.PlaygroundTests;
				PRODUCT_NAME = "$(TARGET_NAME)";
				SWIFT_VERSION = 4.0;
				TARGETED_DEVICE_FAMILY = "1,2";
				TEST_HOST = "$(BUILT_PRODUCTS_DIR)/Playground.app/Playground";
			};
			name = Release;
		};
		33908090219BB1D900AAA282 /* Debug */ = {
			isa = XCBuildConfiguration;
			buildSettings = {
				ALWAYS_EMBED_SWIFT_STANDARD_LIBRARIES = YES;
				CODE_SIGN_STYLE = Automatic;
				INFOPLIST_FILE = PlaygroundUITests/Info.plist;
				LD_RUNPATH_SEARCH_PATHS = (
					"$(inherited)",
					"@executable_path/Frameworks",
					"@loader_path/Frameworks",
				);
				PRODUCT_BUNDLE_IDENTIFIER = poggers.quiropratico.PlaygroundUITests;
				PRODUCT_NAME = "$(TARGET_NAME)";
				SWIFT_VERSION = 4.0;
				TARGETED_DEVICE_FAMILY = "1,2";
				TEST_TARGET_NAME = Playground;
			};
			name = Debug;
		};
		33908091219BB1D900AAA282 /* Release */ = {
			isa = XCBuildConfiguration;
			buildSettings = {
				ALWAYS_EMBED_SWIFT_STANDARD_LIBRARIES = YES;
				CODE_SIGN_STYLE = Automatic;
				INFOPLIST_FILE = PlaygroundUITests/Info.plist;
				LD_RUNPATH_SEARCH_PATHS = (
					"$(inherited)",
					"@executable_path/Frameworks",
					"@loader_path/Frameworks",
				);
				PRODUCT_BUNDLE_IDENTIFIER = poggers.quiropratico.PlaygroundUITests;
				PRODUCT_NAME = "$(TARGET_NAME)";
				SWIFT_VERSION = 4.0;
				TARGETED_DEVICE_FAMILY = "1,2";
				TEST_TARGET_NAME = Playground;
			};
			name = Release;
		};
/* End XCBuildConfiguration section */

/* Begin XCConfigurationList section */
		3390805C219BB1D800AAA282 /* Build configuration list for PBXProject "Playground" */ = {
			isa = XCConfigurationList;
			buildConfigurations = (
				33908087219BB1D900AAA282 /* Debug */,
				33908088219BB1D900AAA282 /* Release */,
			);
			defaultConfigurationIsVisible = 0;
			defaultConfigurationName = Release;
		};
		33908089219BB1D900AAA282 /* Build configuration list for PBXNativeTarget "Playground" */ = {
			isa = XCConfigurationList;
			buildConfigurations = (
				3390808A219BB1D900AAA282 /* Debug */,
				3390808B219BB1D900AAA282 /* Release */,
			);
			defaultConfigurationIsVisible = 0;
			defaultConfigurationName = Release;
		};
		3390808C219BB1D900AAA282 /* Build configuration list for PBXNativeTarget "PlaygroundTests" */ = {
			isa = XCConfigurationList;
			buildConfigurations = (
				3390808D219BB1D900AAA282 /* Debug */,
				3390808E219BB1D900AAA282 /* Release */,
			);
			defaultConfigurationIsVisible = 0;
			defaultConfigurationName = Release;
		};
		3390808F219BB1D900AAA282 /* Build configuration list for PBXNativeTarget "PlaygroundUITests" */ = {
			isa = XCConfigurationList;
			buildConfigurations = (
				33908090219BB1D900AAA282 /* Debug */,
				33908091219BB1D900AAA282 /* Release */,
			);
			defaultConfigurationIsVisible = 0;
			defaultConfigurationName = Release;
		};
/* End XCConfigurationList section */
	};
	rootObject = 33908059219BB1D800AAA282 /* Project object */;
}
